# This file is generated by running "yarn install" inside your project.
# Manual changes might be lost - proceed with caution!

__metadata:
  version: 5
  cacheKey: 8

"@napi-rs/cli@npm:^2.10.0":
  version: 2.10.0
  resolution: "@napi-rs/cli@npm:2.10.0"
  bin:
    napi: scripts/index.js
  checksum: 4017823fa084030f9ba270e147b882da9634ae7dfe9d96fab4aa8a5b1f8c40d661822b1b51be2dedec7017bf3988f387122dea2c965d9131e95fa694594615d2
  languageName: node
  linkType: hard

"nodejs-polars-android-arm64@npm:0.5.3":
  version: 0.5.3
  resolution: "nodejs-polars-android-arm64@npm:0.5.3"
  conditions: os=android & cpu=arm64
  languageName: node
  linkType: hard

"nodejs-polars-darwin-arm64@npm:0.5.3":
  version: 0.5.3
  resolution: "nodejs-polars-darwin-arm64@npm:0.5.3"
  conditions: os=darwin & cpu=arm64
  languageName: node
  linkType: hard

"nodejs-polars-darwin-x64@npm:0.5.3":
  version: 0.5.3
  resolution: "nodejs-polars-darwin-x64@npm:0.5.3"
  conditions: os=darwin & cpu=x64
  languageName: node
  linkType: hard

"nodejs-polars-linux-arm-gnueabihf@npm:0.5.3":
  version: 0.5.3
  resolution: "nodejs-polars-linux-arm-gnueabihf@npm:0.5.3"
  conditions: os=linux & cpu=arm
  languageName: node
  linkType: hard

"nodejs-polars-linux-arm64-gnu@npm:0.5.3":
  version: 0.5.3
  resolution: "nodejs-polars-linux-arm64-gnu@npm:0.5.3"
  conditions: os=linux & cpu=arm64
  languageName: node
  linkType: hard

"nodejs-polars-linux-x64-gnu@npm:0.5.3":
  version: 0.5.3
  resolution: "nodejs-polars-linux-x64-gnu@npm:0.5.3"
  conditions: os=linux & cpu=x64
  languageName: node
  linkType: hard

"nodejs-polars-win32-ia32-msvc@npm:0.5.3":
  version: 0.5.3
  resolution: "nodejs-polars-win32-ia32-msvc@npm:0.5.3"
  conditions: os=win32 & cpu=ia32
  languageName: node
  linkType: hard

"nodejs-polars-win32-x64-msvc@npm:0.5.3":
  version: 0.5.3
  resolution: "nodejs-polars-win32-x64-msvc@npm:0.5.3"
  conditions: os=win32 & cpu=x64
  languageName: node
  linkType: hard

"nodejs-polars@npm:^0.5.3":
  version: 0.5.3
  resolution: "nodejs-polars@npm:0.5.3"
  dependencies:
    nodejs-polars-android-arm64: 0.5.3
    nodejs-polars-darwin-arm64: 0.5.3
    nodejs-polars-darwin-x64: 0.5.3
    nodejs-polars-linux-arm-gnueabihf: 0.5.3
    nodejs-polars-linux-arm64-gnu: 0.5.3
    nodejs-polars-linux-x64-gnu: 0.5.3
    nodejs-polars-win32-ia32-msvc: 0.5.3
    nodejs-polars-win32-x64-msvc: 0.5.3
  dependenciesMeta:
    nodejs-polars-android-arm64:
      optional: true
    nodejs-polars-darwin-arm64:
      optional: true
    nodejs-polars-darwin-x64:
      optional: true
    nodejs-polars-linux-arm-gnueabihf:
      optional: true
    nodejs-polars-linux-arm64-gnu:
      optional: true
    nodejs-polars-linux-x64-gnu:
      optional: true
    nodejs-polars-win32-ia32-msvc:
      optional: true
    nodejs-polars-win32-x64-msvc:
      optional: true
  checksum: 581367d6c797f8f2edb6bc303b0cd378f70ec1124ff7b15079877140f93f190e6ebd0d61dde93c9444f71ea3122344a026b7c3f6c3cd01dd77c18f62b54a4a8d
  languageName: node
  linkType: hard

"polars-mongo@workspace:.":
  version: 0.0.0-use.local
  resolution: "polars-mongo@workspace:."
  dependencies:
    "@napi-rs/cli": ^2.10.0
    nodejs-polars: ^0.5.3
    typescript: ^4.7.3
  languageName: unknown
  linkType: soft

"typescript@npm:^4.7.3":
  version: 4.7.3
  resolution: "typescript@npm:4.7.3"
  bin:
    tsc: bin/tsc
    tsserver: bin/tsserver
  checksum: fd13a1ce53790a36bb8350e1f5e5e384b5f6cb9b0635114a6d01d49cb99916abdcfbc13c7521cdae2f2d3f6d8bc4a8ae7625edf645a04ee940588cd5e7597b2f
  languageName: node
  linkType: hard

"typescript@patch:typescript@^4.7.3#~builtin<compat/typescript>":
  version: 4.7.3
  resolution: "typescript@patch:typescript@npm%3A4.7.3#~builtin<compat/typescript>::version=4.7.3&hash=493e53"
  bin:
    tsc: bin/tsc
    tsserver: bin/tsserver
  checksum: 8257ce7ecbbf9416da60045a76a99d473698ca9e973fa0ddab7137cacb1587255431176cbbcc801a650938c4dc8109ab88355774829a714fabe56a53a2fe4524
  languageName: node
  linkType: hard
