# This file is generated by running "yarn install" inside your project.
# Manual changes might be lost - proceed with caution!

__metadata:
  version: 6
  cacheKey: 8

"@napi-rs/cli@npm:^2.10.0":
  version: 2.10.0
  resolution: "@napi-rs/cli@npm:2.10.0"
  bin:
    napi: scripts/index.js
  checksum: 4017823fa084030f9ba270e147b882da9634ae7dfe9d96fab4aa8a5b1f8c40d661822b1b51be2dedec7017bf3988f387122dea2c965d9131e95fa694594615d2
  languageName: node
  linkType: hard

"@types/mongodb@npm:^4.0.7":
  version: 4.0.7
  resolution: "@types/mongodb@npm:4.0.7"
  dependencies:
    mongodb: "*"
  checksum: 10ebdfed5beaeb9354adcaded3ff31a0597eec96d665155bf029fdf81384534cc054ffd4f3a431911e55055cea8dcea6233b2265d6d90f45fe233fd59a31bd56
  languageName: node
  linkType: hard

"@types/node@npm:*":
  version: 18.0.0
  resolution: "@types/node@npm:18.0.0"
  checksum: aab2b325727a2599f6d25ebe0dedf58c40fb66a51ce4ca9c0226ceb70fcda2d3afccdca29db5942eb48b158ee8585a274a1e3750c718bbd5399d7f41d62dfdcc
  languageName: node
  linkType: hard

"@types/webidl-conversions@npm:*":
  version: 6.1.1
  resolution: "@types/webidl-conversions@npm:6.1.1"
  checksum: bd0faad4dfec232010d96a42fbd7b5ac4df557899050a6676a75d30ced8553f19e5a3c747fd2b4317f2810d4cf5d2d6dd47ad22ecfb9e6b21119aba678b8897f
  languageName: node
  linkType: hard

"@types/whatwg-url@npm:^8.2.1":
  version: 8.2.1
  resolution: "@types/whatwg-url@npm:8.2.1"
  dependencies:
    "@types/node": "*"
    "@types/webidl-conversions": "*"
  checksum: 975987a9ca14a8d5a883523acb4fa0df7760cd8ca8dee56cd57753821e56060bfbead94df84f4504fe0b4270776d81cbb40fcd1f8643dab86da3a9abe926fb5c
  languageName: node
  linkType: hard

"base64-js@npm:^1.3.1":
  version: 1.5.1
  resolution: "base64-js@npm:1.5.1"
  checksum: 669632eb3745404c2f822a18fc3a0122d2f9a7a13f7fb8b5823ee19d1d2ff9ee5b52c53367176ea4ad093c332fd5ab4bd0ebae5a8e27917a4105a4cfc86b1005
  languageName: node
  linkType: hard

"bson@npm:^4.6.3":
  version: 4.6.4
  resolution: "bson@npm:4.6.4"
  dependencies:
    buffer: ^5.6.0
  checksum: f56375865c8fc048179075296019a0d2e058edbbb6692e54e2751da738840968de678a48a2276faf2ec8f8b36c5c26f14670ab4d414fe68f0169215efe15d570
  languageName: node
  linkType: hard

"buffer@npm:^5.6.0":
  version: 5.7.1
  resolution: "buffer@npm:5.7.1"
  dependencies:
    base64-js: ^1.3.1
    ieee754: ^1.1.13
  checksum: e2cf8429e1c4c7b8cbd30834ac09bd61da46ce35f5c22a78e6c2f04497d6d25541b16881e30a019c6fd3154150650ccee27a308eff3e26229d788bbdeb08ab84
  languageName: node
  linkType: hard

"denque@npm:^2.0.1":
  version: 2.0.1
  resolution: "denque@npm:2.0.1"
  checksum: ec398d1e3c6c8d4f5213dcf9ad74d7faa3b461e29a0019c9742b49a97ac5e16aa7134db45fa9d841e318e7722dd1ba670a474fde9a5b0d870b3a5fc6fe914c30
  languageName: node
  linkType: hard

"ieee754@npm:^1.1.13":
  version: 1.2.1
  resolution: "ieee754@npm:1.2.1"
  checksum: 5144c0c9815e54ada181d80a0b810221a253562422e7c6c3a60b1901154184f49326ec239d618c416c1c5945a2e197107aee8d986a3dd836b53dffefd99b5e7e
  languageName: node
  linkType: hard

"ip@npm:^1.1.5":
  version: 1.1.8
  resolution: "ip@npm:1.1.8"
  checksum: a2ade53eb339fb0cbe9e69a44caab10d6e3784662285eb5d2677117ee4facc33a64679051c35e0dfdb1a3983a51ce2f5d2cb36446d52e10d01881789b76e28fb
  languageName: node
  linkType: hard

"memory-pager@npm:^1.0.2":
  version: 1.5.0
  resolution: "memory-pager@npm:1.5.0"
  checksum: d1a2e684583ef55c61cd3a49101da645b11ad57014dfc565e0b43baa9004b743f7e4ab81493d8fff2ab24e9950987cc3209c94bcc4fc8d7e30a475489a1f15e9
  languageName: node
  linkType: hard

"mongodb-connection-string-url@npm:^2.5.2":
  version: 2.5.2
  resolution: "mongodb-connection-string-url@npm:2.5.2"
  dependencies:
    "@types/whatwg-url": ^8.2.1
    whatwg-url: ^11.0.0
  checksum: bd13af7d62d33e2d6e5217692961e34b2dafbbba5f41d361417257592754df3e925efc00fa8a5e038624e284245dab39e913d5f06ff962feede86d5f58fc5827
  languageName: node
  linkType: hard

"mongodb@npm:*, mongodb@npm:^4.7.0":
  version: 4.7.0
  resolution: "mongodb@npm:4.7.0"
  dependencies:
    bson: ^4.6.3
    denque: ^2.0.1
    mongodb-connection-string-url: ^2.5.2
    saslprep: ^1.0.3
    socks: ^2.6.2
  dependenciesMeta:
    saslprep:
      optional: true
  checksum: 6c8ddf1d14a4392d83702aa532e5a1e6deaa501cfd66e352a1226358422716e340465ca4b0f2c5d8f660bf15c06456059953fb99482f714c1dab408ecfe3aeea
  languageName: node
  linkType: hard

"polars-mongo-android-arm64@npm:0.5.4":
  version: 0.5.4
  resolution: "polars-mongo-android-arm64@npm:0.5.4"
  conditions: os=android & cpu=arm64
  languageName: node
  linkType: hard

"polars-mongo-darwin-arm64@npm:0.5.4":
  version: 0.5.4
  resolution: "polars-mongo-darwin-arm64@npm:0.5.4"
  conditions: os=darwin & cpu=arm64
  languageName: node
  linkType: hard

"polars-mongo-darwin-x64@npm:0.5.4":
  version: 0.5.4
  resolution: "polars-mongo-darwin-x64@npm:0.5.4"
  conditions: os=darwin & cpu=x64
  languageName: node
  linkType: hard

"polars-mongo-linux-arm-gnueabihf@npm:0.5.4":
  version: 0.5.4
  resolution: "polars-mongo-linux-arm-gnueabihf@npm:0.5.4"
  conditions: os=linux & cpu=arm
  languageName: node
  linkType: hard

"polars-mongo-linux-arm64-gnu@npm:0.5.4":
  version: 0.5.4
  resolution: "polars-mongo-linux-arm64-gnu@npm:0.5.4"
  conditions: os=linux & cpu=arm64 & libc=glibc
  languageName: node
  linkType: hard

"polars-mongo-linux-x64-gnu@npm:0.5.4":
  version: 0.5.4
  resolution: "polars-mongo-linux-x64-gnu@npm:0.5.4"
  conditions: os=linux & cpu=x64 & libc=glibc
  languageName: node
  linkType: hard

"polars-mongo-win32-ia32-msvc@npm:0.5.4":
  version: 0.5.4
  resolution: "polars-mongo-win32-ia32-msvc@npm:0.5.4"
  conditions: os=win32 & cpu=ia32
  languageName: node
  linkType: hard

"polars-mongo-win32-x64-msvc@npm:0.5.4":
  version: 0.5.4
  resolution: "polars-mongo-win32-x64-msvc@npm:0.5.4"
  conditions: os=win32 & cpu=x64
  languageName: node
  linkType: hard

"nodejs-polars@npm:^0.5.4":
  version: 0.5.4
  resolution: "nodejs-polars@npm:0.5.4"
  dependencies:
    polars-mongo-android-arm64: 0.5.4
    polars-mongo-darwin-arm64: 0.5.4
    polars-mongo-darwin-x64: 0.5.4
    polars-mongo-linux-arm-gnueabihf: 0.5.4
    polars-mongo-linux-arm64-gnu: 0.5.4
    polars-mongo-linux-x64-gnu: 0.5.4
    polars-mongo-win32-ia32-msvc: 0.5.4
    polars-mongo-win32-x64-msvc: 0.5.4
  dependenciesMeta:
    polars-mongo-android-arm64:
      optional: true
    polars-mongo-darwin-arm64:
      optional: true
    polars-mongo-darwin-x64:
      optional: true
    polars-mongo-linux-arm-gnueabihf:
      optional: true
    polars-mongo-linux-arm64-gnu:
      optional: true
    polars-mongo-linux-x64-gnu:
      optional: true
    polars-mongo-win32-ia32-msvc:
      optional: true
    polars-mongo-win32-x64-msvc:
      optional: true
  checksum: 8aa7f0c76eefb65e46544c3b0ea040cdf153688e1e69c559676f5096a9bd24e75da4b9b50f844119ed1d20004775b48636ef34fc1f6962f99bc13f9abeec5479
  languageName: node
  linkType: hard

"polars-mongo@workspace:.":
  version: 0.0.0-use.local
  resolution: "polars-mongo@workspace:."
  dependencies:
    "@napi-rs/cli": ^2.10.0
    "@types/mongodb": ^4.0.7
    mongodb: ^4.7.0
    nodejs-polars: ^0.5.4
    typescript: ^4.7.3
  peerDependencies:
    nodejs-polars: ^0.5.3
  languageName: unknown
  linkType: soft

"punycode@npm:^2.1.1":
  version: 2.1.1
  resolution: "punycode@npm:2.1.1"
  checksum: 823bf443c6dd14f669984dea25757b37993f67e8d94698996064035edd43bed8a5a17a9f12e439c2b35df1078c6bec05a6c86e336209eb1061e8025c481168e8
  languageName: node
  linkType: hard

"saslprep@npm:^1.0.3":
  version: 1.0.3
  resolution: "saslprep@npm:1.0.3"
  dependencies:
    sparse-bitfield: ^3.0.3
  checksum: 4fdc0b70fb5e523f977de405e12cca111f1f10dd68a0cfae0ca52c1a7919a94d1556598ba2d35f447655c3b32879846c77f9274c90806f6673248ae3cea6ee43
  languageName: node
  linkType: hard

"smart-buffer@npm:^4.2.0":
  version: 4.2.0
  resolution: "smart-buffer@npm:4.2.0"
  checksum: b5167a7142c1da704c0e3af85c402002b597081dd9575031a90b4f229ca5678e9a36e8a374f1814c8156a725d17008ae3bde63b92f9cfd132526379e580bec8b
  languageName: node
  linkType: hard

"socks@npm:^2.6.2":
  version: 2.6.2
  resolution: "socks@npm:2.6.2"
  dependencies:
    ip: ^1.1.5
    smart-buffer: ^4.2.0
  checksum: dd9194293059d737759d5c69273850ad4149f448426249325c4bea0e340d1cf3d266c3b022694b0dcf5d31f759de23657244c481fc1e8322add80b7985c36b5e
  languageName: node
  linkType: hard

"sparse-bitfield@npm:^3.0.3":
  version: 3.0.3
  resolution: "sparse-bitfield@npm:3.0.3"
  dependencies:
    memory-pager: ^1.0.2
  checksum: 174da88dbbcc783d5dbd26921931cc83830280b8055fb05333786ebe6fc015b9601b24972b3d55920dd2d9f5fb120576fbfa2469b08e5222c9cadf3f05210aab
  languageName: node
  linkType: hard

"tr46@npm:^3.0.0":
  version: 3.0.0
  resolution: "tr46@npm:3.0.0"
  dependencies:
    punycode: ^2.1.1
  checksum: 44c3cc6767fb800490e6e9fd64fd49041aa4e49e1f6a012b34a75de739cc9ed3a6405296072c1df8b6389ae139c5e7c6496f659cfe13a04a4bff3a1422981270
  languageName: node
  linkType: hard

"typescript@npm:^4.7.3":
  version: 4.7.3
  resolution: "typescript@npm:4.7.3"
  bin:
    tsc: bin/tsc
    tsserver: bin/tsserver
  checksum: fd13a1ce53790a36bb8350e1f5e5e384b5f6cb9b0635114a6d01d49cb99916abdcfbc13c7521cdae2f2d3f6d8bc4a8ae7625edf645a04ee940588cd5e7597b2f
  languageName: node
  linkType: hard

"typescript@patch:typescript@^4.7.3#~builtin<compat/typescript>":
  version: 4.7.3
  resolution: "typescript@patch:typescript@npm%3A4.7.3#~builtin<compat/typescript>::version=4.7.3&hash=7ad353"
  bin:
    tsc: bin/tsc
    tsserver: bin/tsserver
  checksum: 137d18a77f52254a284960b16ab53d0619f57b69b5d585804b8413f798a1175ce3e774fb95e6a101868577aafe357d8fcfc9171f0dc9fc0c210e9ae59d107cc0
  languageName: node
  linkType: hard

"webidl-conversions@npm:^7.0.0":
  version: 7.0.0
  resolution: "webidl-conversions@npm:7.0.0"
  checksum: f05588567a2a76428515333eff87200fae6c83c3948a7482ebb109562971e77ef6dc49749afa58abb993391227c5697b3ecca52018793e0cb4620a48f10bd21b
  languageName: node
  linkType: hard

"whatwg-url@npm:^11.0.0":
  version: 11.0.0
  resolution: "whatwg-url@npm:11.0.0"
  dependencies:
    tr46: ^3.0.0
    webidl-conversions: ^7.0.0
  checksum: ed4826aaa57e66bb3488a4b25c9cd476c46ba96052747388b5801f137dd740b73fde91ad207d96baf9f17fbcc80fc1a477ad65181b5eb5fa718d27c69501d7af
  languageName: node
  linkType: hard
